
Microsoft Visual Studio Solution File, Format Version 12.00
# Visual Studio Version 16
VisualStudioVersion = 16.0.31702.278
MinimumVisualStudioVersion = 10.0.40219.1
Project("{FAE04EC0-301F-11D3-BF4B-00C04F79EFBC}") = "HBCodeChallange", "HBCodeChallange\HBCodeChallange.csproj", "{98517090-3653-4721-AF5E-4C5515F4A60D}"
EndProject
Global
	GlobalSection(SolutionConfigurationPlatforms) = preSolution
		Debug|Any CPU = Debug|Any CPU
		Release|Any CPU = Release|Any CPU
	EndGlobalSection
	GlobalSection(ProjectConfigurationPlatforms) = postSolution
		{98517090-3653-4721-AF5E-4C5515F4A60D}.Debug|Any CPU.ActiveCfg = Debug|Any CPU
		{98517090-3653-4721-AF5E-4C5515F4A60D}.Debug|Any CPU.Build.0 = Debug|Any CPU
		{98517090-3653-4721-AF5E-4C5515F4A60D}.Release|Any CPU.ActiveCfg = Release|Any CPU
		{98517090-3653-4721-AF5E-4C5515F4A60D}.Release|Any CPU.Build.0 = Release|Any CPU
	EndGlobalSection
	GlobalSection(SolutionProperties) = preSolution
		HideSolutionNode = FALSE
	EndGlobalSection
	GlobalSection(ExtensibilityGlobals) = postSolution
		SolutionGuid = {5DB42E0A-F4EA-43D9-A47C-D0351C6C80E5}
	EndGlobalSection
EndGlobal
